// !$*UTF8*$!
{
	archiveVersion = 1;
	classes = {
	};
	objectVersion = 46;
	objects = {

/* Begin PBXBuildFile section */
		FE8233221A364C9E00640884 /* AppDelegate.swift in Sources */ = {isa = PBXBuildFile; fileRef = FE8233211A364C9E00640884 /* AppDelegate.swift */; };
		FE8233241A364C9E00640884 /* ViewController.swift in Sources */ = {isa = PBXBuildFile; fileRef = FE8233231A364C9E00640884 /* ViewController.swift */; };
		FE8233271A364C9E00640884 /* Main.storyboard in Resources */ = {isa = PBXBuildFile; fileRef = FE8233251A364C9E00640884 /* Main.storyboard */; };
		FE8233291A364C9E00640884 /* Images.xcassets in Resources */ = {isa = PBXBuildFile; fileRef = FE8233281A364C9E00640884 /* Images.xcassets */; };
		FE82332C1A364C9E00640884 /* LaunchScreen.xib in Resources */ = {isa = PBXBuildFile; fileRef = FE82332A1A364C9E00640884 /* LaunchScreen.xib */; };
		FE8233381A364C9E00640884 /* TipCalculatorTests.swift in Sources */ = {isa = PBXBuildFile; fileRef = FE8233371A364C9E00640884 /* TipCalculatorTests.swift */; };
/* End PBXBuildFile section */

/* Begin PBXContainerItemProxy section */
		FE8233321A364C9E00640884 /* PBXContainerItemProxy */ = {
			isa = PBXContainerItemProxy;
			containerPortal = FE8233141A364C9E00640884 /* Project object */;
			proxyType = 1;
			remoteGlobalIDString = FE82331B1A364C9E00640884;
			remoteInfo = TipCalculator;
		};
/* End PBXContainerItemProxy section */

/* Begin PBXFileReference section */
		FE82331C1A364C9E00640884 /* TipCalculator.app */ = {isa = PBXFileReference; explicitFileType = wrapper.application; includeInIndex = 0; path = TipCalculator.app; sourceTree = BUILT_PRODUCTS_DIR; };
		FE8233201A364C9E00640884 /* Info.plist */ = {isa = PBXFileReference; lastKnownFileType = text.plist.xml; path = Info.plist; sourceTree = "<group>"; };
		FE8233211A364C9E00640884 /* AppDelegate.swift */ = {isa = PBXFileReference; lastKnownFileType = sourcecode.swift; path = AppDelegate.swift; sourceTree = "<group>"; };
		FE8233231A364C9E00640884 /* ViewController.swift */ = {isa = PBXFileReference; lastKnownFileType = sourcecode.swift; path = ViewController.swift; sourceTree = "<group>"; };
		FE8233261A364C9E00640884 /* Base */ = {isa = PBXFileReference; lastKnownFileType = file.storyboard; name = Base; path = Base.lproj/Main.storyboard; sourceTree = "<group>"; };
		FE8233281A364C9E00640884 /* Images.xcassets */ = {isa = PBXFileReference; lastKnownFileType = folder.assetcatalog; path = Images.xcassets; sourceTree = "<group>"; };
		FE82332B1A364C9E00640884 /* Base */ = {isa = PBXFileReference; lastKnownFileType = file.xib; name = Base; path = Base.lproj/LaunchScreen.xib; sourceTree = "<group>"; };
		FE8233311A364C9E00640884 /* TipCalculatorTests.xctest */ = {isa = PBXFileReference; explicitFileType = wrapper.cfbundle; includeInIndex = 0; path = TipCalculatorTests.xctest; sourceTree = BUILT_PRODUCTS_DIR; };
		FE8233361A364C9E00640884 /* Info.plist */ = {isa = PBXFileReference; lastKnownFileType = text.plist.xml; path = Info.plist; sourceTree = "<group>"; };
		FE8233371A364C9E00640884 /* TipCalculatorTests.swift */ = {isa = PBXFileReference; lastKnownFileType = sourcecode.swift; path = TipCalculatorTests.swift; sourceTree = "<group>"; };
/* End PBXFileReference section */

/* Begin PBXFrameworksBuildPhase section */
		FE8233191A364C9E00640884 /* Frameworks */ = {
			isa = PBXFrameworksBuildPhase;
			buildActionMask = 2147483647;
			files = (
			);
			runOnlyForDeploymentPostprocessing = 0;
		};
		FE82332E1A364C9E00640884 /* Frameworks */ = {
			isa = PBXFrameworksBuildPhase;
			buildActionMask = 2147483647;
			files = (
			);
			runOnlyForDeploymentPostprocessing = 0;
		};
/* End PBXFrameworksBuildPhase section */

/* Begin PBXGroup section */
		FE8233131A364C9E00640884 = {
			isa = PBXGroup;
			children = (
				FE82331E1A364C9E00640884 /* TipCalculator */,
				FE8233341A364C9E00640884 /* TipCalculatorTests */,
				FE82331D1A364C9E00640884 /* Products */,
			);
			sourceTree = "<group>";
		};
		FE82331D1A364C9E00640884 /* Products */ = {
			isa = PBXGroup;
			children = (
				FE82331C1A364C9E00640884 /* TipCalculator.app */,
				FE8233311A364C9E00640884 /* TipCalculatorTests.xctest */,
			);
			name = Products;
			sourceTree = "<group>";
		};
		FE82331E1A364C9E00640884 /* TipCalculator */ = {
			isa = PBXGroup;
			children = (
				FE8233211A364C9E00640884 /* AppDelegate.swift */,
				FE8233231A364C9E00640884 /* ViewController.swift */,
				FE8233251A364C9E00640884 /* Main.storyboard */,
				FE8233281A364C9E00640884 /* Images.xcassets */,
				FE82332A1A364C9E00640884 /* LaunchScreen.xib */,
				FE82331F1A364C9E00640884 /* Supporting Files */,
			);
			path = TipCalculator;
			sourceTree = "<group>";
		};
		FE82331F1A364C9E00640884 /* Supporting Files */ = {
			isa = PBXGroup;
			children = (
				FE8233201A364C9E00640884 /* Info.plist */,
			);
			name = "Supporting Files";
			sourceTree = "<group>";
		};
		FE8233341A364C9E00640884 /* TipCalculatorTests */ = {
			isa = PBXGroup;
			children = (
				FE8233371A364C9E00640884 /* TipCalculatorTests.swift */,
				FE8233351A364C9E00640884 /* Supporting Files */,
			);
			path = TipCalculatorTests;
			sourceTree = "<group>";
		};
		FE8233351A364C9E00640884 /* Supporting Files */ = {
			isa = PBXGroup;
			children = (
				FE8233361A364C9E00640884 /* Info.plist */,
			);
			name = "Supporting Files";
			sourceTree = "<group>";
		};
/* End PBXGroup section */

/* Begin PBXNativeTarget section */
		FE82331B1A364C9E00640884 /* TipCalculator */ = {
			isa = PBXNativeTarget;
			buildConfigurationList = FE82333B1A364C9E00640884 /* Build configuration list for PBXNativeTarget "TipCalculator" */;
			buildPhases = (
				FE8233181A364C9E00640884 /* Sources */,
				FE8233191A364C9E00640884 /* Frameworks */,
				FE82331A1A364C9E00640884 /* Resources */,
			);
			buildRules = (
			);
			dependencies = (
			);
			name = TipCalculator;
			productName = TipCalculator;
			productReference = FE82331C1A364C9E00640884 /* TipCalculator.app */;
			productType = "com.apple.product-type.application";
		};
		FE8233301A364C9E00640884 /* TipCalculatorTests */ = {
			isa = PBXNativeTarget;
			buildConfigurationList = FE82333E1A364C9E00640884 /* Build configuration list for PBXNativeTarget "TipCalculatorTests" */;
			buildPhases = (
				FE82332D1A364C9E00640884 /* Sources */,
				FE82332E1A364C9E00640884 /* Frameworks */,
				FE82332F1A364C9E00640884 /* Resources */,
			);
			buildRules = (
			);
			dependencies = (
				FE8233331A364C9E00640884 /* PBXTargetDependency */,
			);
			name = TipCalculatorTests;
			productName = TipCalculatorTests;
			productReference = FE8233311A364C9E00640884 /* TipCalculatorTests.xctest */;
			productType = "com.apple.product-type.bundle.unit-test";
		};
/* End PBXNativeTarget section */

/* Begin PBXProject section */
		FE8233141A364C9E00640884 /* Project object */ = {
			isa = PBXProject;
			attributes = {
				LastUpgradeCheck = 0600;
				ORGANIZATIONNAME = JosephIwanicki;
				TargetAttributes = {
					FE82331B1A364C9E00640884 = {
						CreatedOnToolsVersion = 6.0;
					};
					FE8233301A364C9E00640884 = {
						CreatedOnToolsVersion = 6.0;
						TestTargetID = FE82331B1A364C9E00640884;
					};
				};
			};
			buildConfigurationList = FE8233171A364C9E00640884 /* Build configuration list for PBXProject "TipCalculator" */;
			compatibilityVersion = "Xcode 3.2";
			developmentRegion = English;
			hasScannedForEncodings = 0;
			knownRegions = (
				en,
				Base,
			);
			mainGroup = FE8233131A364C9E00640884;
			productRefGroup = FE82331D1A364C9E00640884 /* Products */;
			projectDirPath = "";
			projectRoot = "";
			targets = (
				FE82331B1A364C9E00640884 /* TipCalculator */,
				FE8233301A364C9E00640884 /* TipCalculatorTests */,
			);
		};
/* End PBXProject section */

/* Begin PBXResourcesBuildPhase section */
		FE82331A1A364C9E00640884 /* Resources */ = {
			isa = PBXResourcesBuildPhase;
			buildActionMask = 2147483647;
			files = (
				FE8233271A364C9E00640884 /* Main.storyboard in Resources */,
				FE82332C1A364C9E00640884 /* LaunchScreen.xib in Resources */,
				FE8233291A364C9E00640884 /* Images.xcassets in Resources */,
			);
			runOnlyForDeploymentPostprocessing = 0;
		};
		FE82332F1A364C9E00640884 /* Resources */ = {
			isa = PBXResourcesBuildPhase;
			buildActionMask = 2147483647;
			files = (
			);
			runOnlyForDeploymentPostprocessing = 0;
		};
/* End PBXResourcesBuildPhase section */

/* Begin PBXSourcesBuildPhase section */
		FE8233181A364C9E00640884 /* Sources */ = {
			isa = PBXSourcesBuildPhase;
			buildActionMask = 2147483647;
			files = (
				FE8233241A364C9E00640884 /* ViewController.swift in Sources */,
				FE8233221A364C9E00640884 /* AppDelegate.swift in Sources */,
			);
			runOnlyForDeploymentPostprocessing = 0;
		};
		FE82332D1A364C9E00640884 /* Sources */ = {
			isa = PBXSourcesBuildPhase;
			buildActionMask = 2147483647;
			files = (
				FE8233381A364C9E00640884 /* TipCalculatorTests.swift in Sources */,
			);
			runOnlyForDeploymentPostprocessing = 0;
		};
/* End PBXSourcesBuildPhase section */

/* Begin PBXTargetDependency section */
		FE8233331A364C9E00640884 /* PBXTargetDependency */ = {
			isa = PBXTargetDependency;
			target = FE82331B1A364C9E00640884 /* TipCalculator */;
			targetProxy = FE8233321A364C9E00640884 /* PBXContainerItemProxy */;
		};
/* End PBXTargetDependency section */

/* Begin PBXVariantGroup section */
		FE8233251A364C9E00640884 /* Main.storyboard */ = {
			isa = PBXVariantGroup;
			children = (
				FE8233261A364C9E00640884 /* Base */,
			);
			name = Main.storyboard;
			sourceTree = "<group>";
		};
		FE82332A1A364C9E00640884 /* LaunchScreen.xib */ = {
			isa = PBXVariantGroup;
			children = (
				FE82332B1A364C9E00640884 /* Base */,
			);
			name = LaunchScreen.xib;
			sourceTree = "<group>";
		};
/* End PBXVariantGroup section */

/* Begin XCBuildConfiguration section */
		FE8233391A364C9E00640884 /* Debug */ = {
			isa = XCBuildConfiguration;
			buildSettings = {
				ALWAYS_SEARCH_USER_PATHS = NO;
				CLANG_CXX_LANGUAGE_STANDARD = "gnu++0x";
				CLANG_CXX_LIBRARY = "libc++";
				CLANG_ENABLE_MODULES = YES;
				CLANG_ENABLE_OBJC_ARC = YES;
				CLANG_WARN_BOOL_CONVERSION = YES;
				CLANG_WARN_CONSTANT_CONVERSION = YES;
				CLANG_WARN_DIRECT_OBJC_ISA_USAGE = YES_ERROR;
				CLANG_WARN_EMPTY_BODY = YES;
				CLANG_WARN_ENUM_CONVERSION = YES;
				CLANG_WARN_INT_CONVERSION = YES;
				CLANG_WARN_OBJC_ROOT_CLASS = YES_ERROR;
				CLANG_WARN_UNREACHABLE_CODE = YES;
				CLANG_WARN__DUPLICATE_METHOD_MATCH = YES;
				"CODE_SIGN_IDENTITY[sdk=iphoneos*]" = "iPhone Developer";
				COPY_PHASE_STRIP = NO;
				ENABLE_STRICT_OBJC_MSGSEND = YES;
				GCC_C_LANGUAGE_STANDARD = gnu99;
				GCC_DYNAMIC_NO_PIC = NO;
				GCC_OPTIMIZATION_LEVEL = 0;
				GCC_PREPROCESSOR_DEFINITIONS = (
					"DEBUG=1",
					"$(inherited)",
				);
				GCC_SYMBOLS_PRIVATE_EXTERN = NO;
				GCC_WARN_64_TO_32_BIT_CONVERSION = YES;
				GCC_WARN_ABOUT_RETURN_TYPE = YES_ERROR;
				GCC_WARN_UNDECLARED_SELECTOR = YES;
				GCC_WARN_UNINITIALIZED_AUTOS = YES_AGGRESSIVE;
				GCC_WARN_UNUSED_FUNCTION = YES;
				GCC_WARN_UNUSED_VARIABLE = YES;
				IPHONEOS_DEPLOYMENT_TARGET = 8.0;
				MTL_ENABLE_DEBUG_INFO = YES;
				ONLY_ACTIVE_ARCH = YES;
				SDKROOT = iphoneos;
				SWIFT_OPTIMIZATION_LEVEL = "-Onone";
				TARGETED_DEVICE_FAMILY = "1,2";
			};
			name = Debug;
		};
		FE82333A1A364C9E00640884 /* Release */ = {
			isa = XCBuildConfiguration;
			buildSettings = {
				ALWAYS_SEARCH_USER_PATHS = NO;
				CLANG_CXX_LANGUAGE_STANDARD = "gnu++0x";
				CLANG_CXX_LIBRARY = "libc++";
				CLANG_ENABLE_MODULES = YES;
				CLANG_ENABLE_OBJC_ARC = YES;
				CLANG_WARN_BOOL_CONVERSION = YES;
				CLANG_WARN_CONSTANT_CONVERSION = YES;
				CLANG_WARN_DIRECT_OBJC_ISA_USAGE = YES_ERROR;
				CLANG_WARN_EMPTY_BODY = YES;
				CLANG_WARN_ENUM_CONVERSION = YES;
				CLANG_WARN_INT_CONVERSION = YES;
				CLANG_WARN_OBJC_ROOT_CLASS = YES_ERROR;
				CLANG_WARN_UNREACHABLE_CODE = YES;
				CLANG_WARN__DUPLICATE_METHOD_MATCH = YES;
				"CODE_SIGN_IDENTITY[sdk=iphoneos*]" = "iPhone Developer";
				COPY_PHASE_STRIP = YES;
				ENABLE_NS_ASSERTIONS = NO;
				ENABLE_STRICT_OBJC_MSGSEND = YES;
				GCC_C_LANGUAGE_STANDARD = gnu99;
				GCC_WARN_64_TO_32_BIT_CONVERSION = YES;
				GCC_WARN_ABOUT_RETURN_TYPE = YES_ERROR;
				GCC_WARN_UNDECLARED_SELECTOR = YES;
				GCC_WARN_UNINITIALIZED_AUTOS = YES_AGGRESSIVE;
				GCC_WARN_UNUSED_FUNCTION = YES;
				GCC_WARN_UNUSED_VARIABLE = YES;
				IPHONEOS_DEPLOYMENT_TARGET = 8.0;
				MTL_ENABLE_DEBUG_INFO = NO;
				SDKROOT = iphoneos;
				TARGETED_DEVICE_FAMILY = "1,2";
				VALIDATE_PRODUCT = YES;
			};
			name = Release;
		};
		FE82333C1A364C9E00640884 /* Debug */ = {
			isa = XCBuildConfiguration;
			buildSettings = {
				ASSETCATALOG_COMPILER_APPICON_NAME = AppIcon;
				INFOPLIST_FILE = TipCalculator/Info.plist;
				LD_RUNPATH_SEARCH_PATHS = "$(inherited) @executable_path/Frameworks";
				PRODUCT_NAME = "$(TARGET_NAME)";
			};
			name = Debug;
		};
		FE82333D1A364C9E00640884 /* Release */ = {
			isa = XCBuildConfiguration;
			buildSettings = {
				ASSETCATALOG_COMPILER_APPICON_NAME = AppIcon;
				INFOPLIST_FILE = TipCalculator/Info.plist;
				LD_RUNPATH_SEARCH_PATHS = "$(inherited) @executable_path/Frameworks";
				PRODUCT_NAME = "$(TARGET_NAME)";
			};
			name = Release;
		};
		FE82333F1A364C9E00640884 /* Debug */ = {
			isa = XCBuildConfiguration;
			buildSettings = {
				BUNDLE_LOADER = "$(TEST_HOST)";
				FRAMEWORK_SEARCH_PATHS = (
					"$(SDKROOT)/Developer/Library/Frameworks",
					"$(inherited)",
				);
				GCC_PREPROCESSOR_DEFINITIONS = (
					"DEBUG=1",
					"$(inherited)",
				);
				INFOPLIST_FILE = TipCalculatorTests/Info.plist;
				LD_RUNPATH_SEARCH_PATHS = "$(inherited) @executable_path/Frameworks @loader_path/Frameworks";
				PRODUCT_NAME = "$(TARGET_NAME)";
				TEST_HOST = "$(BUILT_PRODUCTS_DIR)/TipCalculator.app/TipCalculator";
			};
			name = Debug;
		};
		FE8233401A364C9E00640884 /* Release */ = {
			isa = XCBuildConfiguration;
			buildSettings = {
				BUNDLE_LOADER = "$(TEST_HOST)";
				FRAMEWORK_SEARCH_PATHS = (
					"$(SDKROOT)/Developer/Library/Frameworks",
					"$(inherited)",
				);
				INFOPLIST_FILE = TipCalculatorTests/Info.plist;
				LD_RUNPATH_SEARCH_PATHS = "$(inherited) @executable_path/Frameworks @loader_path/Frameworks";
				PRODUCT_NAME = "$(TARGET_NAME)";
				TEST_HOST = "$(BUILT_PRODUCTS_DIR)/TipCalculator.app/TipCalculator";
			};
			name = Release;
		};
/* End XCBuildConfiguration section */

/* Begin XCConfigurationList section */
		FE8233171A364C9E00640884 /* Build configuration list for PBXProject "TipCalculator" */ = {
			isa = XCConfigurationList;
			buildConfigurations = (
				FE8233391A364C9E00640884 /* Debug */,
				FE82333A1A364C9E00640884 /* Release */,
			);
			defaultConfigurationIsVisible = 0;
			defaultConfigurationName = Release;
		};
		FE82333B1A364C9E00640884 /* Build configuration list for PBXNativeTarget "TipCalculator" */ = {
			isa = XCConfigurationList;
			buildConfigurations = (
				FE82333C1A364C9E00640884 /* Debug */,
				FE82333D1A364C9E00640884 /* Release */,
			);
			defaultConfigurationIsVisible = 0;
		};
		FE82333E1A364C9E00640884 /* Build configuration list for PBXNativeTarget "TipCalculatorTests" */ = {
			isa = XCConfigurationList;
			buildConfigurations = (
				FE82333F1A364C9E00640884 /* Debug */,
				FE8233401A364C9E00640884 /* Release */,
			);
			defaultConfigurationIsVisible = 0;
		};
/* End XCConfigurationList section */
	};
	rootObject = FE8233141A364C9E00640884 /* Project object */;
}
